
Microsoft Visual Studio Solution File, Format Version 12.00
# Visual Studio 2012
Project("{FAE04EC0-301F-11D3-BF4B-00C04F79EFBC}") = "ID3Lite", "ID3Lite.csproj", "{A3780696-97E4-4DD3-A6CC-A3385AB5D2F5}"
EndProject
Global
	GlobalSection(SolutionConfigurationPlatforms) = preSolution
		Debug|Any CPU = Debug|Any CPU
		Release|Any CPU = Release|Any CPU
	EndGlobalSection
	GlobalSection(ProjectConfigurationPlatforms) = postSolution
		{A3780696-97E4-4DD3-A6CC-A3385AB5D2F5}.Debug|Any CPU.ActiveCfg = Debug|Any CPU
		{A3780696-97E4-4DD3-A6CC-A3385AB5D2F5}.Debug|Any CPU.Build.0 = Debug|Any CPU
		{A3780696-97E4-4DD3-A6CC-A3385AB5D2F5}.Release|Any CPU.ActiveCfg = Release|Any CPU
		{A3780696-97E4-4DD3-A6CC-A3385AB5D2F5}.Release|Any CPU.Build.0 = Release|Any CPU
	EndGlobalSection
	GlobalSection(SolutionProperties) = preSolution
		HideSolutionNode = FALSE
	EndGlobalSection
EndGlobal
